
Microsoft Visual Studio Solution File, Format Version 12.00
# Visual Studio 15
VisualStudioVersion = 15.0.26430.16
MinimumVisualStudioVersion = 10.0.40219.1
Project("{FAE04EC0-301F-11D3-BF4B-00C04F79EFBC}") = "MySimpleBot", "MySimpleBot\MySimpleBot.csproj", "{0DE67195-7E42-49BC-A9CA-8B69863DE9BE}"
EndProject
Global
	GlobalSection(SolutionConfigurationPlatforms) = preSolution
		Debug|Any CPU = Debug|Any CPU
		Release|Any CPU = Release|Any CPU
	EndGlobalSection
	GlobalSection(ProjectConfigurationPlatforms) = postSolution
		{0DE67195-7E42-49BC-A9CA-8B69863DE9BE}.Debug|Any CPU.ActiveCfg = Debug|Any CPU
		{0DE67195-7E42-49BC-A9CA-8B69863DE9BE}.Debug|Any CPU.Build.0 = Debug|Any CPU
		{0DE67195-7E42-49BC-A9CA-8B69863DE9BE}.Release|Any CPU.ActiveCfg = Release|Any CPU
		{0DE67195-7E42-49BC-A9CA-8B69863DE9BE}.Release|Any CPU.Build.0 = Release|Any CPU
	EndGlobalSection
	GlobalSection(SolutionProperties) = preSolution
		HideSolutionNode = FALSE
	EndGlobalSection
EndGlobal
